// !$*UTF8*$!
{
	archiveVersion = 1;
	classes = {
	};
	objectVersion = 56;
	objects = {

/* Begin PBXBuildFile section */
		2712B7832918067F004AC6EF /* LSTMApp.swift in Sources */ = {isa = PBXBuildFile; fileRef = 2712B7822918067F004AC6EF /* LSTMApp.swift */; };
		2712B7852918067F004AC6EF /* ContentView.swift in Sources */ = {isa = PBXBuildFile; fileRef = 2712B7842918067F004AC6EF /* ContentView.swift */; };
		2712B78729180680004AC6EF /* Assets.xcassets in Resources */ = {isa = PBXBuildFile; fileRef = 2712B78629180680004AC6EF /* Assets.xcassets */; };
		2712B78A29180680004AC6EF /* Preview Assets.xcassets in Resources */ = {isa = PBXBuildFile; fileRef = 2712B78929180680004AC6EF /* Preview Assets.xcassets */; };
		2712B792291806CA004AC6EF /* Data.csv in Resources */ = {isa = PBXBuildFile; fileRef = 2712B791291806CA004AC6EF /* Data.csv */; };
		2712B79729180B44004AC6EF /* SkitagLSTM.swift in Sources */ = {isa = PBXBuildFile; fileRef = 2712B79629180B44004AC6EF /* SkitagLSTM.swift */; };
		2712B79929180B4E004AC6EF /* SkitagLSTMback.swift in Sources */ = {isa = PBXBuildFile; fileRef = 2712B79829180B4E004AC6EF /* SkitagLSTMback.swift */; };
		2712B79B29180B58004AC6EF /* SkitagLSTMparams.swift in Sources */ = {isa = PBXBuildFile; fileRef = 2712B79A29180B58004AC6EF /* SkitagLSTMparams.swift */; };
/* End PBXBuildFile section */

/* Begin PBXFileReference section */
		2712B77F2918067F004AC6EF /* LSTM.app */ = {isa = PBXFileReference; explicitFileType = wrapper.application; includeInIndex = 0; path = LSTM.app; sourceTree = BUILT_PRODUCTS_DIR; };
		2712B7822918067F004AC6EF /* LSTMApp.swift */ = {isa = PBXFileReference; lastKnownFileType = sourcecode.swift; path = LSTMApp.swift; sourceTree = "<group>"; };
		2712B7842918067F004AC6EF /* ContentView.swift */ = {isa = PBXFileReference; lastKnownFileType = sourcecode.swift; path = ContentView.swift; sourceTree = "<group>"; };
		2712B78629180680004AC6EF /* Assets.xcassets */ = {isa = PBXFileReference; lastKnownFileType = folder.assetcatalog; path = Assets.xcassets; sourceTree = "<group>"; };
		2712B78929180680004AC6EF /* Preview Assets.xcassets */ = {isa = PBXFileReference; lastKnownFileType = folder.assetcatalog; path = "Preview Assets.xcassets"; sourceTree = "<group>"; };
		2712B791291806CA004AC6EF /* Data.csv */ = {isa = PBXFileReference; fileEncoding = 4; lastKnownFileType = text; path = Data.csv; sourceTree = "<group>"; };
		2712B79629180B44004AC6EF /* SkitagLSTM.swift */ = {isa = PBXFileReference; lastKnownFileType = sourcecode.swift; path = SkitagLSTM.swift; sourceTree = "<group>"; };
		2712B79829180B4E004AC6EF /* SkitagLSTMback.swift */ = {isa = PBXFileReference; lastKnownFileType = sourcecode.swift; path = SkitagLSTMback.swift; sourceTree = "<group>"; };
		2712B79A29180B58004AC6EF /* SkitagLSTMparams.swift */ = {isa = PBXFileReference; lastKnownFileType = sourcecode.swift; path = SkitagLSTMparams.swift; sourceTree = "<group>"; };
/* End PBXFileReference section */

/* Begin PBXFrameworksBuildPhase section */
		2712B77C2918067F004AC6EF /* Frameworks */ = {
			isa = PBXFrameworksBuildPhase;
			buildActionMask = 2147483647;
			files = (
			);
			runOnlyForDeploymentPostprocessing = 0;
		};
/* End PBXFrameworksBuildPhase section */

/* Begin PBXGroup section */
		2712B7762918067F004AC6EF = {
			isa = PBXGroup;
			children = (
				2712B7812918067F004AC6EF /* LSTM */,
				2712B7802918067F004AC6EF /* Products */,
			);
			sourceTree = "<group>";
		};
		2712B7802918067F004AC6EF /* Products */ = {
			isa = PBXGroup;
			children = (
				2712B77F2918067F004AC6EF /* LSTM.app */,
			);
			name = Products;
			sourceTree = "<group>";
		};
		2712B7812918067F004AC6EF /* LSTM */ = {
			isa = PBXGroup;
			children = (
				2712B79529180B2F004AC6EF /* SkitagLSTM */,
				2712B790291806AB004AC6EF /* Data */,
				2712B7822918067F004AC6EF /* LSTMApp.swift */,
				2712B7842918067F004AC6EF /* ContentView.swift */,
				2712B78629180680004AC6EF /* Assets.xcassets */,
				2712B78829180680004AC6EF /* Preview Content */,
			);
			path = LSTM;
			sourceTree = "<group>";
		};
		2712B78829180680004AC6EF /* Preview Content */ = {
			isa = PBXGroup;
			children = (
				2712B78929180680004AC6EF /* Preview Assets.xcassets */,
			);
			path = "Preview Content";
			sourceTree = "<group>";
		};
		2712B790291806AB004AC6EF /* Data */ = {
			isa = PBXGroup;
			children = (
				2712B791291806CA004AC6EF /* Data.csv */,
			);
			path = Data;
			sourceTree = "<group>";
		};
		2712B79529180B2F004AC6EF /* SkitagLSTM */ = {
			isa = PBXGroup;
			children = (
				2712B79629180B44004AC6EF /* SkitagLSTM.swift */,
				2712B79829180B4E004AC6EF /* SkitagLSTMback.swift */,
				2712B79A29180B58004AC6EF /* SkitagLSTMparams.swift */,
			);
			path = SkitagLSTM;
			sourceTree = "<group>";
		};
/* End PBXGroup section */

/* Begin PBXNativeTarget section */
		2712B77E2918067F004AC6EF /* LSTM */ = {
			isa = PBXNativeTarget;
			buildConfigurationList = 2712B78D29180680004AC6EF /* Build configuration list for PBXNativeTarget "LSTM" */;
			buildPhases = (
				2712B77B2918067F004AC6EF /* Sources */,
				2712B77C2918067F004AC6EF /* Frameworks */,
				2712B77D2918067F004AC6EF /* Resources */,
			);
			buildRules = (
			);
			dependencies = (
			);
			name = LSTM;
			productName = LSTM;
			productReference = 2712B77F2918067F004AC6EF /* LSTM.app */;
			productType = "com.apple.product-type.application";
		};
/* End PBXNativeTarget section */

/* Begin PBXProject section */
		2712B7772918067F004AC6EF /* Project object */ = {
			isa = PBXProject;
			attributes = {
				BuildIndependentTargetsInParallel = 1;
				LastSwiftUpdateCheck = 1400;
				LastUpgradeCheck = 1400;
				TargetAttributes = {
					2712B77E2918067F004AC6EF = {
						CreatedOnToolsVersion = 14.0.1;
					};
				};
			};
			buildConfigurationList = 2712B77A2918067F004AC6EF /* Build configuration list for PBXProject "LSTM" */;
			compatibilityVersion = "Xcode 14.0";
			developmentRegion = en;
			hasScannedForEncodings = 0;
			knownRegions = (
				en,
				Base,
			);
			mainGroup = 2712B7762918067F004AC6EF;
			productRefGroup = 2712B7802918067F004AC6EF /* Products */;
			projectDirPath = "";
			projectRoot = "";
			targets = (
				2712B77E2918067F004AC6EF /* LSTM */,
			);
		};
/* End PBXProject section */

/* Begin PBXResourcesBuildPhase section */
		2712B77D2918067F004AC6EF /* Resources */ = {
			isa = PBXResourcesBuildPhase;
			buildActionMask = 2147483647;
			files = (
				2712B792291806CA004AC6EF /* Data.csv in Resources */,
				2712B78A29180680004AC6EF /* Preview Assets.xcassets in Resources */,
				2712B78729180680004AC6EF /* Assets.xcassets in Resources */,
			);
			runOnlyForDeploymentPostprocessing = 0;
		};
/* End PBXResourcesBuildPhase section */

/* Begin PBXSourcesBuildPhase section */
		2712B77B2918067F004AC6EF /* Sources */ = {
			isa = PBXSourcesBuildPhase;
			buildActionMask = 2147483647;
			files = (
				2712B7852918067F004AC6EF /* ContentView.swift in Sources */,
				2712B79729180B44004AC6EF /* SkitagLSTM.swift in Sources */,
				2712B7832918067F004AC6EF /* LSTMApp.swift in Sources */,
				2712B79929180B4E004AC6EF /* SkitagLSTMback.swift in Sources */,
				2712B79B29180B58004AC6EF /* SkitagLSTMparams.swift in Sources */,
			);
			runOnlyForDeploymentPostprocessing = 0;
		};
/* End PBXSourcesBuildPhase section */

/* Begin XCBuildConfiguration section */
		2712B78B29180680004AC6EF /* Debug */ = {
			isa = XCBuildConfiguration;
			buildSettings = {
				ALWAYS_SEARCH_USER_PATHS = NO;
				CLANG_ANALYZER_NONNULL = YES;
				CLANG_ANALYZER_NUMBER_OBJECT_CONVERSION = YES_AGGRESSIVE;
				CLANG_CXX_LANGUAGE_STANDARD = "gnu++20";
				CLANG_ENABLE_MODULES = YES;
				CLANG_ENABLE_OBJC_ARC = YES;
				CLANG_ENABLE_OBJC_WEAK = YES;
				CLANG_WARN_BLOCK_CAPTURE_AUTORELEASING = YES;
				CLANG_WARN_BOOL_CONVERSION = YES;
				CLANG_WARN_COMMA = YES;
				CLANG_WARN_CONSTANT_CONVERSION = YES;
				CLANG_WARN_DEPRECATED_OBJC_IMPLEMENTATIONS = YES;
				CLANG_WARN_DIRECT_OBJC_ISA_USAGE = YES_ERROR;
				CLANG_WARN_DOCUMENTATION_COMMENTS = YES;
				CLANG_WARN_EMPTY_BODY = YES;
				CLANG_WARN_ENUM_CONVERSION = YES;
				CLANG_WARN_INFINITE_RECURSION = YES;
				CLANG_WARN_INT_CONVERSION = YES;
				CLANG_WARN_NON_LITERAL_NULL_CONVERSION = YES;
				CLANG_WARN_OBJC_IMPLICIT_RETAIN_SELF = YES;
				CLANG_WARN_OBJC_LITERAL_CONVERSION = YES;
				CLANG_WARN_OBJC_ROOT_CLASS = YES_ERROR;
				CLANG_WARN_QUOTED_INCLUDE_IN_FRAMEWORK_HEADER = YES;
				CLANG_WARN_RANGE_LOOP_ANALYSIS = YES;
				CLANG_WARN_STRICT_PROTOTYPES = YES;
				CLANG_WARN_SUSPICIOUS_MOVE = YES;
				CLANG_WARN_UNGUARDED_AVAILABILITY = YES_AGGRESSIVE;
				CLANG_WARN_UNREACHABLE_CODE = YES;
				CLANG_WARN__DUPLICATE_METHOD_MATCH = YES;
				COPY_PHASE_STRIP = NO;
				DEBUG_INFORMATION_FORMAT = dwarf;
				ENABLE_STRICT_OBJC_MSGSEND = YES;
				ENABLE_TESTABILITY = YES;
				GCC_C_LANGUAGE_STANDARD = gnu11;
				GCC_DYNAMIC_NO_PIC = NO;
				GCC_NO_COMMON_BLOCKS = YES;
				GCC_OPTIMIZATION_LEVEL = 0;
				GCC_PREPROCESSOR_DEFINITIONS = (
					"DEBUG=1",
					"$(inherited)",
				);
				GCC_WARN_64_TO_32_BIT_CONVERSION = YES;
				GCC_WARN_ABOUT_RETURN_TYPE = YES_ERROR;
				GCC_WARN_UNDECLARED_SELECTOR = YES;
				GCC_WARN_UNINITIALIZED_AUTOS = YES_AGGRESSIVE;
				GCC_WARN_UNUSED_FUNCTION = YES;
				GCC_WARN_UNUSED_VARIABLE = YES;
				IPHONEOS_DEPLOYMENT_TARGET = 16.0;
				MTL_ENABLE_DEBUG_INFO = INCLUDE_SOURCE;
				MTL_FAST_MATH = YES;
				ONLY_ACTIVE_ARCH = YES;
				SDKROOT = iphoneos;
				SWIFT_ACTIVE_COMPILATION_CONDITIONS = DEBUG;
				SWIFT_OPTIMIZATION_LEVEL = "-Onone";
			};
			name = Debug;
		};
		2712B78C29180680004AC6EF /* Release */ = {
			isa = XCBuildConfiguration;
			buildSettings = {
				ALWAYS_SEARCH_USER_PATHS = NO;
				CLANG_ANALYZER_NONNULL = YES;
				CLANG_ANALYZER_NUMBER_OBJECT_CONVERSION = YES_AGGRESSIVE;
				CLANG_CXX_LANGUAGE_STANDARD = "gnu++20";
				CLANG_ENABLE_MODULES = YES;
				CLANG_ENABLE_OBJC_ARC = YES;
				CLANG_ENABLE_OBJC_WEAK = YES;
				CLANG_WARN_BLOCK_CAPTURE_AUTORELEASING = YES;
				CLANG_WARN_BOOL_CONVERSION = YES;
				CLANG_WARN_COMMA = YES;
				CLANG_WARN_CONSTANT_CONVERSION = YES;
				CLANG_WARN_DEPRECATED_OBJC_IMPLEMENTATIONS = YES;
				CLANG_WARN_DIRECT_OBJC_ISA_USAGE = YES_ERROR;
				CLANG_WARN_DOCUMENTATION_COMMENTS = YES;
				CLANG_WARN_EMPTY_BODY = YES;
				CLANG_WARN_ENUM_CONVERSION = YES;
				CLANG_WARN_INFINITE_RECURSION = YES;
				CLANG_WARN_INT_CONVERSION = YES;
				CLANG_WARN_NON_LITERAL_NULL_CONVERSION = YES;
				CLANG_WARN_OBJC_IMPLICIT_RETAIN_SELF = YES;
				CLANG_WARN_OBJC_LITERAL_CONVERSION = YES;
				CLANG_WARN_OBJC_ROOT_CLASS = YES_ERROR;
				CLANG_WARN_QUOTED_INCLUDE_IN_FRAMEWORK_HEADER = YES;
				CLANG_WARN_RANGE_LOOP_ANALYSIS = YES;
				CLANG_WARN_STRICT_PROTOTYPES = YES;
				CLANG_WARN_SUSPICIOUS_MOVE = YES;
				CLANG_WARN_UNGUARDED_AVAILABILITY = YES_AGGRESSIVE;
				CLANG_WARN_UNREACHABLE_CODE = YES;
				CLANG_WARN__DUPLICATE_METHOD_MATCH = YES;
				COPY_PHASE_STRIP = NO;
				DEBUG_INFORMATION_FORMAT = "dwarf-with-dsym";
				ENABLE_NS_ASSERTIONS = NO;
				ENABLE_STRICT_OBJC_MSGSEND = YES;
				GCC_C_LANGUAGE_STANDARD = gnu11;
				GCC_NO_COMMON_BLOCKS = YES;
				GCC_WARN_64_TO_32_BIT_CONVERSION = YES;
				GCC_WARN_ABOUT_RETURN_TYPE = YES_ERROR;
				GCC_WARN_UNDECLARED_SELECTOR = YES;
				GCC_WARN_UNINITIALIZED_AUTOS = YES_AGGRESSIVE;
				GCC_WARN_UNUSED_FUNCTION = YES;
				GCC_WARN_UNUSED_VARIABLE = YES;
				IPHONEOS_DEPLOYMENT_TARGET = 16.0;
				MTL_ENABLE_DEBUG_INFO = NO;
				MTL_FAST_MATH = YES;
				SDKROOT = iphoneos;
				SWIFT_COMPILATION_MODE = wholemodule;
				SWIFT_OPTIMIZATION_LEVEL = "-O";
				VALIDATE_PRODUCT = YES;
			};
			name = Release;
		};
		2712B78E29180680004AC6EF /* Debug */ = {
			isa = XCBuildConfiguration;
			buildSettings = {
				ASSETCATALOG_COMPILER_APPICON_NAME = AppIcon;
				ASSETCATALOG_COMPILER_GLOBAL_ACCENT_COLOR_NAME = AccentColor;
				CODE_SIGN_STYLE = Automatic;
				CURRENT_PROJECT_VERSION = 1;
				DEVELOPMENT_ASSET_PATHS = "\"LSTM/Preview Content\"";
				DEVELOPMENT_TEAM = ;
				ENABLE_PREVIEWS = YES;
				GENERATE_INFOPLIST_FILE = YES;
				INFOPLIST_KEY_UIApplicationSceneManifest_Generation = YES;
				INFOPLIST_KEY_UIApplicationSupportsIndirectInputEvents = YES;
				INFOPLIST_KEY_UILaunchScreen_Generation = YES;
				INFOPLIST_KEY_UISupportedInterfaceOrientations_iPad = "UIInterfaceOrientationPortrait UIInterfaceOrientationPortraitUpsideDown UIInterfaceOrientationLandscapeLeft UIInterfaceOrientationLandscapeRight";
				INFOPLIST_KEY_UISupportedInterfaceOrientations_iPhone = "UIInterfaceOrientationPortrait UIInterfaceOrientationLandscapeLeft UIInterfaceOrientationLandscapeRight";
				LD_RUNPATH_SEARCH_PATHS = (
					"$(inherited)",
					"@executable_path/Frameworks",
				);
				MARKETING_VERSION = 1.0;
				PRODUCT_BUNDLE_IDENTIFIER = eu.skitag.LSTM;
				PRODUCT_NAME = "$(TARGET_NAME)";
				SWIFT_EMIT_LOC_STRINGS = YES;
				SWIFT_VERSION = 5.0;
				TARGETED_DEVICE_FAMILY = "1,2";
			};
			name = Debug;
		};
		2712B78F29180680004AC6EF /* Release */ = {
			isa = XCBuildConfiguration;
			buildSettings = {
				ASSETCATALOG_COMPILER_APPICON_NAME = AppIcon;
				ASSETCATALOG_COMPILER_GLOBAL_ACCENT_COLOR_NAME = AccentColor;
				CODE_SIGN_STYLE = Automatic;
				CURRENT_PROJECT_VERSION = 1;
				DEVELOPMENT_ASSET_PATHS = "\"LSTM/Preview Content\"";
				DEVELOPMENT_TEAM = WHS82H9PY7;
				ENABLE_PREVIEWS = YES;
				GENERATE_INFOPLIST_FILE = YES;
				INFOPLIST_KEY_UIApplicationSceneManifest_Generation = YES;
				INFOPLIST_KEY_UIApplicationSupportsIndirectInputEvents = YES;
				INFOPLIST_KEY_UILaunchScreen_Generation = YES;
				INFOPLIST_KEY_UISupportedInterfaceOrientations_iPad = "UIInterfaceOrientationPortrait UIInterfaceOrientationPortraitUpsideDown UIInterfaceOrientationLandscapeLeft UIInterfaceOrientationLandscapeRight";
				INFOPLIST_KEY_UISupportedInterfaceOrientations_iPhone = "UIInterfaceOrientationPortrait UIInterfaceOrientationLandscapeLeft UIInterfaceOrientationLandscapeRight";
				LD_RUNPATH_SEARCH_PATHS = (
					"$(inherited)",
					"@executable_path/Frameworks",
				);
				MARKETING_VERSION = 1.0;
				PRODUCT_BUNDLE_IDENTIFIER = eu.skitag.LSTM;
				PRODUCT_NAME = "$(TARGET_NAME)";
				SWIFT_EMIT_LOC_STRINGS = YES;
				SWIFT_VERSION = 5.0;
				TARGETED_DEVICE_FAMILY = "1,2";
			};
			name = Release;
		};
/* End XCBuildConfiguration section */

/* Begin XCConfigurationList section */
		2712B77A2918067F004AC6EF /* Build configuration list for PBXProject "LSTM" */ = {
			isa = XCConfigurationList;
			buildConfigurations = (
				2712B78B29180680004AC6EF /* Debug */,
				2712B78C29180680004AC6EF /* Release */,
			);
			defaultConfigurationIsVisible = 0;
			defaultConfigurationName = Release;
		};
		2712B78D29180680004AC6EF /* Build configuration list for PBXNativeTarget "LSTM" */ = {
			isa = XCConfigurationList;
			buildConfigurations = (
				2712B78E29180680004AC6EF /* Debug */,
				2712B78F29180680004AC6EF /* Release */,
			);
			defaultConfigurationIsVisible = 0;
			defaultConfigurationName = Release;
		};
/* End XCConfigurationList section */
	};
	rootObject = 2712B7772918067F004AC6EF /* Project object */;
}
